
Microsoft Visual Studio Solution File, Format Version 12.00
# Visual Studio Version 17
VisualStudioVersion = 17.13.35931.197
MinimumVisualStudioVersion = 10.0.40219.1
Project("{8BC9CEB8-8B4A-11D0-8D11-00A0C91BC942}") = "01_C++ 시작하기", "01_C++ 시작하기\01_C++ 시작하기.vcxproj", "{BE2D69D4-66E1-493D-889D-FB76067362C2}"
EndProject
Project("{8BC9CEB8-8B4A-11D0-8D11-00A0C91BC942}") = "02_포인터와 참조자", "02_포인터와 참조자\02_포인터와 참조자.vcxproj", "{61529CDD-C04A-4A00-B6E4-E9B3478582B9}"
EndProject
Project("{8BC9CEB8-8B4A-11D0-8D11-00A0C91BC942}") = "03_객체지향프로그래밍", "03_객체지향프로그래밍\03_객체지향프로그래밍.vcxproj", "{0B8C0FCC-2A03-45CA-BB12-E552938E9A1F}"
EndProject
Project("{8BC9CEB8-8B4A-11D0-8D11-00A0C91BC942}") = "04_객체생성자_소멸자", "04_객체생성자_소멸자\04_객체생성자_소멸자.vcxproj", "{F95DCC93-9E06-45E3-A1C2-BC492A81D022}"
EndProject
Project("{8BC9CEB8-8B4A-11D0-8D11-00A0C91BC942}") = "05_객체의 생성", "05_객체의 생성\05_객체의 생성.vcxproj", "{7B5AB47A-C3C6-4A11-82DC-E11E705AEDD0}"
EndProject
Project("{8BC9CEB8-8B4A-11D0-8D11-00A0C91BC942}") = "06_연산자 오버로딩", "06_연산자 오버로딩\06_연산자 오버로딩.vcxproj", "{798B9EA2-0FF1-48B7-8B19-8CA06E365F0C}"
EndProject
Project("{2150E333-8FDC-42A3-9474-1A3956D46DE8}") = "Solution Items", "Solution Items", "{C8D5274F-AC00-46C7-1F8D-E88E81087A52}"
	ProjectSection(SolutionItems) = preProject
		.editorconfig = .editorconfig
	EndProjectSection
EndProject
Project("{8BC9CEB8-8B4A-11D0-8D11-00A0C91BC942}") = "07_연산자오버로딩 활용", "07_연산자오버로딩 활용\07_연산자오버로딩 활용.vcxproj", "{567D6424-EE73-49FE-8119-A7295533B179}"
EndProject
Project("{8BC9CEB8-8B4A-11D0-8D11-00A0C91BC942}") = "08_상속과 구성", "08_상속과 구성\08_상속과 구성.vcxproj", "{F875923C-4470-4336-9E44-21EA55D2B899}"
EndProject
Project("{8BC9CEB8-8B4A-11D0-8D11-00A0C91BC942}") = "09_클래스의 다형성", "09_클래스의 다형성\09_클래스의 다형성.vcxproj", "{33584BDC-0A52-4046-B12F-A8CB3FD8EF10}"
EndProject
Project("{8BC9CEB8-8B4A-11D0-8D11-00A0C91BC942}") = "10_예제 게임 코드(달리기 프로젝트)", "10_예제 게임 코드(달리기 프로젝트)\10_예제 게임 코드(달리기 프로젝트).vcxproj", "{DF3850FA-7B57-4FBB-8045-48807B043A58}"
EndProject
Project("{8BC9CEB8-8B4A-11D0-8D11-00A0C91BC942}") = "Test", "Test\Test.vcxproj", "{548D1486-9630-4DFE-9E04-E41F97135486}"
EndProject
Project("{8BC9CEB8-8B4A-11D0-8D11-00A0C91BC942}") = "11_범위 기반 루프", "11_범위 기반 루프\11_범위 기반 루프.vcxproj", "{127AF22D-36E2-4FE0-AE3E-92DFEC2CAC57}"
EndProject
Project("{8BC9CEB8-8B4A-11D0-8D11-00A0C91BC942}") = "12_JSON 사용하기", "12_JSON 사용하기\12_JSON 사용하기.vcxproj", "{648CB8B9-E636-44DA-BF76-582A1F749611}"
EndProject
Project("{8BC9CEB8-8B4A-11D0-8D11-00A0C91BC942}") = "13_형변환 객체를 생성하기", "13_형변환 객체를 생성하기\13_형변환 객체를 생성하기.vcxproj", "{47C76163-2372-45D8-A90C-5139FD77ADA1}"
EndProject
Project("{8BC9CEB8-8B4A-11D0-8D11-00A0C91BC942}") = "14_템플릿에 대한 이해, 스마트 포인터", "14_템플릿에 대한 이해, 스마트 포인터\14_템플릿에 대한 이해, 스마트 포인터.vcxproj", "{632D18EE-82D7-4845-ADA1-8274E1DEFB47}"
EndProject
Global
	GlobalSection(SolutionConfigurationPlatforms) = preSolution
		Debug|x64 = Debug|x64
		Debug|x86 = Debug|x86
		Release|x64 = Release|x64
		Release|x86 = Release|x86
	EndGlobalSection
	GlobalSection(ProjectConfigurationPlatforms) = postSolution
		{BE2D69D4-66E1-493D-889D-FB76067362C2}.Debug|x64.ActiveCfg = Debug|x64
		{BE2D69D4-66E1-493D-889D-FB76067362C2}.Debug|x64.Build.0 = Debug|x64
		{BE2D69D4-66E1-493D-889D-FB76067362C2}.Debug|x86.ActiveCfg = Debug|Win32
		{BE2D69D4-66E1-493D-889D-FB76067362C2}.Debug|x86.Build.0 = Debug|Win32
		{BE2D69D4-66E1-493D-889D-FB76067362C2}.Release|x64.ActiveCfg = Release|x64
		{BE2D69D4-66E1-493D-889D-FB76067362C2}.Release|x64.Build.0 = Release|x64
		{BE2D69D4-66E1-493D-889D-FB76067362C2}.Release|x86.ActiveCfg = Release|Win32
		{BE2D69D4-66E1-493D-889D-FB76067362C2}.Release|x86.Build.0 = Release|Win32
		{61529CDD-C04A-4A00-B6E4-E9B3478582B9}.Debug|x64.ActiveCfg = Debug|x64
		{61529CDD-C04A-4A00-B6E4-E9B3478582B9}.Debug|x64.Build.0 = Debug|x64
		{61529CDD-C04A-4A00-B6E4-E9B3478582B9}.Debug|x86.ActiveCfg = Debug|Win32
		{61529CDD-C04A-4A00-B6E4-E9B3478582B9}.Debug|x86.Build.0 = Debug|Win32
		{61529CDD-C04A-4A00-B6E4-E9B3478582B9}.Release|x64.ActiveCfg = Release|x64
		{61529CDD-C04A-4A00-B6E4-E9B3478582B9}.Release|x64.Build.0 = Release|x64
		{61529CDD-C04A-4A00-B6E4-E9B3478582B9}.Release|x86.ActiveCfg = Release|Win32
		{61529CDD-C04A-4A00-B6E4-E9B3478582B9}.Release|x86.Build.0 = Release|Win32
		{0B8C0FCC-2A03-45CA-BB12-E552938E9A1F}.Debug|x64.ActiveCfg = Debug|x64
		{0B8C0FCC-2A03-45CA-BB12-E552938E9A1F}.Debug|x64.Build.0 = Debug|x64
		{0B8C0FCC-2A03-45CA-BB12-E552938E9A1F}.Debug|x86.ActiveCfg = Debug|Win32
		{0B8C0FCC-2A03-45CA-BB12-E552938E9A1F}.Debug|x86.Build.0 = Debug|Win32
		{0B8C0FCC-2A03-45CA-BB12-E552938E9A1F}.Release|x64.ActiveCfg = Release|x64
		{0B8C0FCC-2A03-45CA-BB12-E552938E9A1F}.Release|x64.Build.0 = Release|x64
		{0B8C0FCC-2A03-45CA-BB12-E552938E9A1F}.Release|x86.ActiveCfg = Release|Win32
		{0B8C0FCC-2A03-45CA-BB12-E552938E9A1F}.Release|x86.Build.0 = Release|Win32
		{F95DCC93-9E06-45E3-A1C2-BC492A81D022}.Debug|x64.ActiveCfg = Debug|x64
		{F95DCC93-9E06-45E3-A1C2-BC492A81D022}.Debug|x64.Build.0 = Debug|x64
		{F95DCC93-9E06-45E3-A1C2-BC492A81D022}.Debug|x86.ActiveCfg = Debug|Win32
		{F95DCC93-9E06-45E3-A1C2-BC492A81D022}.Debug|x86.Build.0 = Debug|Win32
		{F95DCC93-9E06-45E3-A1C2-BC492A81D022}.Release|x64.ActiveCfg = Release|x64
		{F95DCC93-9E06-45E3-A1C2-BC492A81D022}.Release|x64.Build.0 = Release|x64
		{F95DCC93-9E06-45E3-A1C2-BC492A81D022}.Release|x86.ActiveCfg = Release|Win32
		{F95DCC93-9E06-45E3-A1C2-BC492A81D022}.Release|x86.Build.0 = Release|Win32
		{7B5AB47A-C3C6-4A11-82DC-E11E705AEDD0}.Debug|x64.ActiveCfg = Debug|x64
		{7B5AB47A-C3C6-4A11-82DC-E11E705AEDD0}.Debug|x64.Build.0 = Debug|x64
		{7B5AB47A-C3C6-4A11-82DC-E11E705AEDD0}.Debug|x86.ActiveCfg = Debug|Win32
		{7B5AB47A-C3C6-4A11-82DC-E11E705AEDD0}.Debug|x86.Build.0 = Debug|Win32
		{7B5AB47A-C3C6-4A11-82DC-E11E705AEDD0}.Release|x64.ActiveCfg = Release|x64
		{7B5AB47A-C3C6-4A11-82DC-E11E705AEDD0}.Release|x64.Build.0 = Release|x64
		{7B5AB47A-C3C6-4A11-82DC-E11E705AEDD0}.Release|x86.ActiveCfg = Release|Win32
		{7B5AB47A-C3C6-4A11-82DC-E11E705AEDD0}.Release|x86.Build.0 = Release|Win32
		{798B9EA2-0FF1-48B7-8B19-8CA06E365F0C}.Debug|x64.ActiveCfg = Debug|x64
		{798B9EA2-0FF1-48B7-8B19-8CA06E365F0C}.Debug|x64.Build.0 = Debug|x64
		{798B9EA2-0FF1-48B7-8B19-8CA06E365F0C}.Debug|x86.ActiveCfg = Debug|Win32
		{798B9EA2-0FF1-48B7-8B19-8CA06E365F0C}.Debug|x86.Build.0 = Debug|Win32
		{798B9EA2-0FF1-48B7-8B19-8CA06E365F0C}.Release|x64.ActiveCfg = Release|x64
		{798B9EA2-0FF1-48B7-8B19-8CA06E365F0C}.Release|x64.Build.0 = Release|x64
		{798B9EA2-0FF1-48B7-8B19-8CA06E365F0C}.Release|x86.ActiveCfg = Release|Win32
		{798B9EA2-0FF1-48B7-8B19-8CA06E365F0C}.Release|x86.Build.0 = Release|Win32
		{567D6424-EE73-49FE-8119-A7295533B179}.Debug|x64.ActiveCfg = Debug|x64
		{567D6424-EE73-49FE-8119-A7295533B179}.Debug|x64.Build.0 = Debug|x64
		{567D6424-EE73-49FE-8119-A7295533B179}.Debug|x86.ActiveCfg = Debug|Win32
		{567D6424-EE73-49FE-8119-A7295533B179}.Debug|x86.Build.0 = Debug|Win32
		{567D6424-EE73-49FE-8119-A7295533B179}.Release|x64.ActiveCfg = Release|x64
		{567D6424-EE73-49FE-8119-A7295533B179}.Release|x64.Build.0 = Release|x64
		{567D6424-EE73-49FE-8119-A7295533B179}.Release|x86.ActiveCfg = Release|Win32
		{567D6424-EE73-49FE-8119-A7295533B179}.Release|x86.Build.0 = Release|Win32
		{F875923C-4470-4336-9E44-21EA55D2B899}.Debug|x64.ActiveCfg = Debug|x64
		{F875923C-4470-4336-9E44-21EA55D2B899}.Debug|x64.Build.0 = Debug|x64
		{F875923C-4470-4336-9E44-21EA55D2B899}.Debug|x86.ActiveCfg = Debug|Win32
		{F875923C-4470-4336-9E44-21EA55D2B899}.Debug|x86.Build.0 = Debug|Win32
		{F875923C-4470-4336-9E44-21EA55D2B899}.Release|x64.ActiveCfg = Release|x64
		{F875923C-4470-4336-9E44-21EA55D2B899}.Release|x64.Build.0 = Release|x64
		{F875923C-4470-4336-9E44-21EA55D2B899}.Release|x86.ActiveCfg = Release|Win32
		{F875923C-4470-4336-9E44-21EA55D2B899}.Release|x86.Build.0 = Release|Win32
		{33584BDC-0A52-4046-B12F-A8CB3FD8EF10}.Debug|x64.ActiveCfg = Debug|x64
		{33584BDC-0A52-4046-B12F-A8CB3FD8EF10}.Debug|x64.Build.0 = Debug|x64
		{33584BDC-0A52-4046-B12F-A8CB3FD8EF10}.Debug|x86.ActiveCfg = Debug|Win32
		{33584BDC-0A52-4046-B12F-A8CB3FD8EF10}.Debug|x86.Build.0 = Debug|Win32
		{33584BDC-0A52-4046-B12F-A8CB3FD8EF10}.Release|x64.ActiveCfg = Release|x64
		{33584BDC-0A52-4046-B12F-A8CB3FD8EF10}.Release|x64.Build.0 = Release|x64
		{33584BDC-0A52-4046-B12F-A8CB3FD8EF10}.Release|x86.ActiveCfg = Release|Win32
		{33584BDC-0A52-4046-B12F-A8CB3FD8EF10}.Release|x86.Build.0 = Release|Win32
		{DF3850FA-7B57-4FBB-8045-48807B043A58}.Debug|x64.ActiveCfg = Debug|x64
		{DF3850FA-7B57-4FBB-8045-48807B043A58}.Debug|x64.Build.0 = Debug|x64
		{DF3850FA-7B57-4FBB-8045-48807B043A58}.Debug|x86.ActiveCfg = Debug|Win32
		{DF3850FA-7B57-4FBB-8045-48807B043A58}.Debug|x86.Build.0 = Debug|Win32
		{DF3850FA-7B57-4FBB-8045-48807B043A58}.Release|x64.ActiveCfg = Release|x64
		{DF3850FA-7B57-4FBB-8045-48807B043A58}.Release|x64.Build.0 = Release|x64
		{DF3850FA-7B57-4FBB-8045-48807B043A58}.Release|x86.ActiveCfg = Release|Win32
		{DF3850FA-7B57-4FBB-8045-48807B043A58}.Release|x86.Build.0 = Release|Win32
		{548D1486-9630-4DFE-9E04-E41F97135486}.Debug|x64.ActiveCfg = Debug|x64
		{548D1486-9630-4DFE-9E04-E41F97135486}.Debug|x64.Build.0 = Debug|x64
		{548D1486-9630-4DFE-9E04-E41F97135486}.Debug|x86.ActiveCfg = Debug|Win32
		{548D1486-9630-4DFE-9E04-E41F97135486}.Debug|x86.Build.0 = Debug|Win32
		{548D1486-9630-4DFE-9E04-E41F97135486}.Release|x64.ActiveCfg = Release|x64
		{548D1486-9630-4DFE-9E04-E41F97135486}.Release|x64.Build.0 = Release|x64
		{548D1486-9630-4DFE-9E04-E41F97135486}.Release|x86.ActiveCfg = Release|Win32
		{548D1486-9630-4DFE-9E04-E41F97135486}.Release|x86.Build.0 = Release|Win32
		{127AF22D-36E2-4FE0-AE3E-92DFEC2CAC57}.Debug|x64.ActiveCfg = Debug|x64
		{127AF22D-36E2-4FE0-AE3E-92DFEC2CAC57}.Debug|x64.Build.0 = Debug|x64
		{127AF22D-36E2-4FE0-AE3E-92DFEC2CAC57}.Debug|x86.ActiveCfg = Debug|Win32
		{127AF22D-36E2-4FE0-AE3E-92DFEC2CAC57}.Debug|x86.Build.0 = Debug|Win32
		{127AF22D-36E2-4FE0-AE3E-92DFEC2CAC57}.Release|x64.ActiveCfg = Release|x64
		{127AF22D-36E2-4FE0-AE3E-92DFEC2CAC57}.Release|x64.Build.0 = Release|x64
		{127AF22D-36E2-4FE0-AE3E-92DFEC2CAC57}.Release|x86.ActiveCfg = Release|Win32
		{127AF22D-36E2-4FE0-AE3E-92DFEC2CAC57}.Release|x86.Build.0 = Release|Win32
		{648CB8B9-E636-44DA-BF76-582A1F749611}.Debug|x64.ActiveCfg = Debug|x64
		{648CB8B9-E636-44DA-BF76-582A1F749611}.Debug|x64.Build.0 = Debug|x64
		{648CB8B9-E636-44DA-BF76-582A1F749611}.Debug|x86.ActiveCfg = Debug|Win32
		{648CB8B9-E636-44DA-BF76-582A1F749611}.Debug|x86.Build.0 = Debug|Win32
		{648CB8B9-E636-44DA-BF76-582A1F749611}.Release|x64.ActiveCfg = Release|x64
		{648CB8B9-E636-44DA-BF76-582A1F749611}.Release|x64.Build.0 = Release|x64
		{648CB8B9-E636-44DA-BF76-582A1F749611}.Release|x86.ActiveCfg = Release|Win32
		{648CB8B9-E636-44DA-BF76-582A1F749611}.Release|x86.Build.0 = Release|Win32
		{47C76163-2372-45D8-A90C-5139FD77ADA1}.Debug|x64.ActiveCfg = Debug|x64
		{47C76163-2372-45D8-A90C-5139FD77ADA1}.Debug|x64.Build.0 = Debug|x64
		{47C76163-2372-45D8-A90C-5139FD77ADA1}.Debug|x86.ActiveCfg = Debug|Win32
		{47C76163-2372-45D8-A90C-5139FD77ADA1}.Debug|x86.Build.0 = Debug|Win32
		{47C76163-2372-45D8-A90C-5139FD77ADA1}.Release|x64.ActiveCfg = Release|x64
		{47C76163-2372-45D8-A90C-5139FD77ADA1}.Release|x64.Build.0 = Release|x64
		{47C76163-2372-45D8-A90C-5139FD77ADA1}.Release|x86.ActiveCfg = Release|Win32
		{47C76163-2372-45D8-A90C-5139FD77ADA1}.Release|x86.Build.0 = Release|Win32
		{632D18EE-82D7-4845-ADA1-8274E1DEFB47}.Debug|x64.ActiveCfg = Debug|x64
		{632D18EE-82D7-4845-ADA1-8274E1DEFB47}.Debug|x64.Build.0 = Debug|x64
		{632D18EE-82D7-4845-ADA1-8274E1DEFB47}.Debug|x86.ActiveCfg = Debug|Win32
		{632D18EE-82D7-4845-ADA1-8274E1DEFB47}.Debug|x86.Build.0 = Debug|Win32
		{632D18EE-82D7-4845-ADA1-8274E1DEFB47}.Release|x64.ActiveCfg = Release|x64
		{632D18EE-82D7-4845-ADA1-8274E1DEFB47}.Release|x64.Build.0 = Release|x64
		{632D18EE-82D7-4845-ADA1-8274E1DEFB47}.Release|x86.ActiveCfg = Release|Win32
		{632D18EE-82D7-4845-ADA1-8274E1DEFB47}.Release|x86.Build.0 = Release|Win32
	EndGlobalSection
	GlobalSection(SolutionProperties) = preSolution
		HideSolutionNode = FALSE
	EndGlobalSection
	GlobalSection(ExtensibilityGlobals) = postSolution
		SolutionGuid = {196D5ADF-488D-4FA2-B7B6-DEB1B4C92BCE}
	EndGlobalSection
EndGlobal
